
Microsoft Visual Studio Solution File, Format Version 12.00
# Visual Studio 15
VisualStudioVersion = 15.0.27130.2024
MinimumVisualStudioVersion = 10.0.40219.1
Project("{FAE04EC0-301F-11D3-BF4B-00C04F79EFBC}") = "StockExchangeWork", "PracaGieldy\StockExchangeWork.csproj", "{F7E56F7A-323D-437E-90E6-5143C790AEBB}"
EndProject
Global
	GlobalSection(SolutionConfigurationPlatforms) = preSolution
		Debug|Any CPU = Debug|Any CPU
		Release|Any CPU = Release|Any CPU
	EndGlobalSection
	GlobalSection(ProjectConfigurationPlatforms) = postSolution
		{F7E56F7A-323D-437E-90E6-5143C790AEBB}.Debug|Any CPU.ActiveCfg = Debug|Any CPU
		{F7E56F7A-323D-437E-90E6-5143C790AEBB}.Debug|Any CPU.Build.0 = Debug|Any CPU
		{F7E56F7A-323D-437E-90E6-5143C790AEBB}.Release|Any CPU.ActiveCfg = Release|Any CPU
		{F7E56F7A-323D-437E-90E6-5143C790AEBB}.Release|Any CPU.Build.0 = Release|Any CPU
	EndGlobalSection
	GlobalSection(SolutionProperties) = preSolution
		HideSolutionNode = FALSE
	EndGlobalSection
	GlobalSection(ExtensibilityGlobals) = postSolution
		SolutionGuid = {339C60FF-45AB-45DE-AA45-C166A33D8EDB}
	EndGlobalSection
EndGlobal
